
Microsoft Visual Studio Solution File, Format Version 12.00
# Visual Studio Version 17
VisualStudioVersion = 17.11.35431.28
MinimumVisualStudioVersion = 10.0.40219.1
Project("{FAE04EC0-301F-11D3-BF4B-00C04F79EFBC}") = "MetaCortex.DataSeeder", "MetaCortex.DataSeeder\MetaCortex.DataSeeder.csproj", "{7EFEFCE2-0E0D-4C92-9BDC-3E6FC987A706}"
EndProject
Global
	GlobalSection(SolutionConfigurationPlatforms) = preSolution
		Debug|Any CPU = Debug|Any CPU
		Release|Any CPU = Release|Any CPU
	EndGlobalSection
	GlobalSection(ProjectConfigurationPlatforms) = postSolution
		{7EFEFCE2-0E0D-4C92-9BDC-3E6FC987A706}.Debug|Any CPU.ActiveCfg = Debug|Any CPU
		{7EFEFCE2-0E0D-4C92-9BDC-3E6FC987A706}.Debug|Any CPU.Build.0 = Debug|Any CPU
		{7EFEFCE2-0E0D-4C92-9BDC-3E6FC987A706}.Release|Any CPU.ActiveCfg = Release|Any CPU
		{7EFEFCE2-0E0D-4C92-9BDC-3E6FC987A706}.Release|Any CPU.Build.0 = Release|Any CPU
	EndGlobalSection
	GlobalSection(SolutionProperties) = preSolution
		HideSolutionNode = FALSE
	EndGlobalSection
	GlobalSection(ExtensibilityGlobals) = postSolution
		SolutionGuid = {C37A5826-4D92-4F81-82F9-3CB1DD66FDE5}
	EndGlobalSection
EndGlobal
